// !$*UTF8*$!
{
	archiveVersion = 1;
	classes = {
	};
	objectVersion = 56;
	objects = {

/* Begin PBXBuildFile section */
		C78BFDE22C55C7F50031A28E /* TestConvertedApp.swift in Sources */ = {isa = PBXBuildFile; fileRef = C78BFDE12C55C7F50031A28E /* TestConvertedApp.swift */; };
		C78BFDE42C55C7F50031A28E /* ContentView.swift in Sources */ = {isa = PBXBuildFile; fileRef = C78BFDE32C55C7F50031A28E /* ContentView.swift */; };
		C78BFDE62C55C7F70031A28E /* Assets.xcassets in Resources */ = {isa = PBXBuildFile; fileRef = C78BFDE52C55C7F70031A28E /* Assets.xcassets */; };
		C78BFDE92C55C7F70031A28E /* Preview Assets.xcassets in Resources */ = {isa = PBXBuildFile; fileRef = C78BFDE82C55C7F70031A28E /* Preview Assets.xcassets */; };
		C78BFDF32C55C7F70031A28E /* TestConvertedTests.swift in Sources */ = {isa = PBXBuildFile; fileRef = C78BFDF22C55C7F70031A28E /* TestConvertedTests.swift */; };
		C78BFDFD2C55C7F70031A28E /* TestConvertedUITests.swift in Sources */ = {isa = PBXBuildFile; fileRef = C78BFDFC2C55C7F70031A28E /* TestConvertedUITests.swift */; };
		C78BFDFF2C55C7F70031A28E /* TestConvertedUITestsLaunchTests.swift in Sources */ = {isa = PBXBuildFile; fileRef = C78BFDFE2C55C7F70031A28E /* TestConvertedUITestsLaunchTests.swift */; };
		C78BFE0C2C55C8110031A28E /* Converters.swift in Sources */ = {isa = PBXBuildFile; fileRef = C78BFE0B2C55C8110031A28E /* Converters.swift */; };
		C78BFE0E2C55CCDF0031A28E /* ViewModel.swift in Sources */ = {isa = PBXBuildFile; fileRef = C78BFE0D2C55CCDF0031A28E /* ViewModel.swift */; };
		C78BFE0F2C55D3170031A28E /* ViewModel.swift in Sources */ = {isa = PBXBuildFile; fileRef = C78BFE0D2C55CCDF0031A28E /* ViewModel.swift */; };
		C78BFE102C55D59C0031A28E /* Converters.swift in Sources */ = {isa = PBXBuildFile; fileRef = C78BFE0B2C55C8110031A28E /* Converters.swift */; };
/* End PBXBuildFile section */

/* Begin PBXContainerItemProxy section */
		C78BFDEF2C55C7F70031A28E /* PBXContainerItemProxy */ = {
			isa = PBXContainerItemProxy;
			containerPortal = C78BFDD62C55C7F50031A28E /* Project object */;
			proxyType = 1;
			remoteGlobalIDString = C78BFDDD2C55C7F50031A28E;
			remoteInfo = TestConverted;
		};
		C78BFDF92C55C7F70031A28E /* PBXContainerItemProxy */ = {
			isa = PBXContainerItemProxy;
			containerPortal = C78BFDD62C55C7F50031A28E /* Project object */;
			proxyType = 1;
			remoteGlobalIDString = C78BFDDD2C55C7F50031A28E;
			remoteInfo = TestConverted;
		};
/* End PBXContainerItemProxy section */

/* Begin PBXFileReference section */
		C78BFDDE2C55C7F50031A28E /* TestConverted.app */ = {isa = PBXFileReference; explicitFileType = wrapper.application; includeInIndex = 0; path = TestConverted.app; sourceTree = BUILT_PRODUCTS_DIR; };
		C78BFDE12C55C7F50031A28E /* TestConvertedApp.swift */ = {isa = PBXFileReference; lastKnownFileType = sourcecode.swift; path = TestConvertedApp.swift; sourceTree = "<group>"; };
		C78BFDE32C55C7F50031A28E /* ContentView.swift */ = {isa = PBXFileReference; lastKnownFileType = sourcecode.swift; path = ContentView.swift; sourceTree = "<group>"; };
		C78BFDE52C55C7F70031A28E /* Assets.xcassets */ = {isa = PBXFileReference; lastKnownFileType = folder.assetcatalog; path = Assets.xcassets; sourceTree = "<group>"; };
		C78BFDE82C55C7F70031A28E /* Preview Assets.xcassets */ = {isa = PBXFileReference; lastKnownFileType = folder.assetcatalog; path = "Preview Assets.xcassets"; sourceTree = "<group>"; };
		C78BFDEE2C55C7F70031A28E /* TestConvertedTests.xctest */ = {isa = PBXFileReference; explicitFileType = wrapper.cfbundle; includeInIndex = 0; path = TestConvertedTests.xctest; sourceTree = BUILT_PRODUCTS_DIR; };
		C78BFDF22C55C7F70031A28E /* TestConvertedTests.swift */ = {isa = PBXFileReference; lastKnownFileType = sourcecode.swift; path = TestConvertedTests.swift; sourceTree = "<group>"; };
		C78BFDF82C55C7F70031A28E /* TestConvertedUITests.xctest */ = {isa = PBXFileReference; explicitFileType = wrapper.cfbundle; includeInIndex = 0; path = TestConvertedUITests.xctest; sourceTree = BUILT_PRODUCTS_DIR; };
		C78BFDFC2C55C7F70031A28E /* TestConvertedUITests.swift */ = {isa = PBXFileReference; lastKnownFileType = sourcecode.swift; path = TestConvertedUITests.swift; sourceTree = "<group>"; };
		C78BFDFE2C55C7F70031A28E /* TestConvertedUITestsLaunchTests.swift */ = {isa = PBXFileReference; lastKnownFileType = sourcecode.swift; path = TestConvertedUITestsLaunchTests.swift; sourceTree = "<group>"; };
		C78BFE0B2C55C8110031A28E /* Converters.swift */ = {isa = PBXFileReference; lastKnownFileType = sourcecode.swift; path = Converters.swift; sourceTree = "<group>"; };
		C78BFE0D2C55CCDF0031A28E /* ViewModel.swift */ = {isa = PBXFileReference; lastKnownFileType = sourcecode.swift; path = ViewModel.swift; sourceTree = "<group>"; };
/* End PBXFileReference section */

/* Begin PBXFrameworksBuildPhase section */
		C78BFDDB2C55C7F50031A28E /* Frameworks */ = {
			isa = PBXFrameworksBuildPhase;
			buildActionMask = 2147483647;
			files = (
			);
			runOnlyForDeploymentPostprocessing = 0;
		};
		C78BFDEB2C55C7F70031A28E /* Frameworks */ = {
			isa = PBXFrameworksBuildPhase;
			buildActionMask = 2147483647;
			files = (
			);
			runOnlyForDeploymentPostprocessing = 0;
		};
		C78BFDF52C55C7F70031A28E /* Frameworks */ = {
			isa = PBXFrameworksBuildPhase;
			buildActionMask = 2147483647;
			files = (
			);
			runOnlyForDeploymentPostprocessing = 0;
		};
/* End PBXFrameworksBuildPhase section */

/* Begin PBXGroup section */
		C78BFDD52C55C7F50031A28E = {
			isa = PBXGroup;
			children = (
				C78BFDE02C55C7F50031A28E /* TestConverted */,
				C78BFDF12C55C7F70031A28E /* TestConvertedTests */,
				C78BFDFB2C55C7F70031A28E /* TestConvertedUITests */,
				C78BFDDF2C55C7F50031A28E /* Products */,
			);
			sourceTree = "<group>";
		};
		C78BFDDF2C55C7F50031A28E /* Products */ = {
			isa = PBXGroup;
			children = (
				C78BFDDE2C55C7F50031A28E /* TestConverted.app */,
				C78BFDEE2C55C7F70031A28E /* TestConvertedTests.xctest */,
				C78BFDF82C55C7F70031A28E /* TestConvertedUITests.xctest */,
			);
			name = Products;
			sourceTree = "<group>";
		};
		C78BFDE02C55C7F50031A28E /* TestConverted */ = {
			isa = PBXGroup;
			children = (
				C78BFDE12C55C7F50031A28E /* TestConvertedApp.swift */,
				C78BFDE32C55C7F50031A28E /* ContentView.swift */,
				C78BFE0D2C55CCDF0031A28E /* ViewModel.swift */,
				C78BFE0B2C55C8110031A28E /* Converters.swift */,
				C78BFDE52C55C7F70031A28E /* Assets.xcassets */,
				C78BFDE72C55C7F70031A28E /* Preview Content */,
			);
			path = TestConverted;
			sourceTree = "<group>";
		};
		C78BFDE72C55C7F70031A28E /* Preview Content */ = {
			isa = PBXGroup;
			children = (
				C78BFDE82C55C7F70031A28E /* Preview Assets.xcassets */,
			);
			path = "Preview Content";
			sourceTree = "<group>";
		};
		C78BFDF12C55C7F70031A28E /* TestConvertedTests */ = {
			isa = PBXGroup;
			children = (
				C78BFDF22C55C7F70031A28E /* TestConvertedTests.swift */,
			);
			path = TestConvertedTests;
			sourceTree = "<group>";
		};
		C78BFDFB2C55C7F70031A28E /* TestConvertedUITests */ = {
			isa = PBXGroup;
			children = (
				C78BFDFC2C55C7F70031A28E /* TestConvertedUITests.swift */,
				C78BFDFE2C55C7F70031A28E /* TestConvertedUITestsLaunchTests.swift */,
			);
			path = TestConvertedUITests;
			sourceTree = "<group>";
		};
/* End PBXGroup section */

/* Begin PBXNativeTarget section */
		C78BFDDD2C55C7F50031A28E /* TestConverted */ = {
			isa = PBXNativeTarget;
			buildConfigurationList = C78BFE022C55C7F70031A28E /* Build configuration list for PBXNativeTarget "TestConverted" */;
			buildPhases = (
				C78BFDDA2C55C7F50031A28E /* Sources */,
				C78BFDDB2C55C7F50031A28E /* Frameworks */,
				C78BFDDC2C55C7F50031A28E /* Resources */,
			);
			buildRules = (
			);
			dependencies = (
			);
			name = TestConverted;
			productName = TestConverted;
			productReference = C78BFDDE2C55C7F50031A28E /* TestConverted.app */;
			productType = "com.apple.product-type.application";
		};
		C78BFDED2C55C7F70031A28E /* TestConvertedTests */ = {
			isa = PBXNativeTarget;
			buildConfigurationList = C78BFE052C55C7F70031A28E /* Build configuration list for PBXNativeTarget "TestConvertedTests" */;
			buildPhases = (
				C78BFDEA2C55C7F70031A28E /* Sources */,
				C78BFDEB2C55C7F70031A28E /* Frameworks */,
				C78BFDEC2C55C7F70031A28E /* Resources */,
			);
			buildRules = (
			);
			dependencies = (
				C78BFDF02C55C7F70031A28E /* PBXTargetDependency */,
			);
			name = TestConvertedTests;
			productName = TestConvertedTests;
			productReference = C78BFDEE2C55C7F70031A28E /* TestConvertedTests.xctest */;
			productType = "com.apple.product-type.bundle.unit-test";
		};
		C78BFDF72C55C7F70031A28E /* TestConvertedUITests */ = {
			isa = PBXNativeTarget;
			buildConfigurationList = C78BFE082C55C7F70031A28E /* Build configuration list for PBXNativeTarget "TestConvertedUITests" */;
			buildPhases = (
				C78BFDF42C55C7F70031A28E /* Sources */,
				C78BFDF52C55C7F70031A28E /* Frameworks */,
				C78BFDF62C55C7F70031A28E /* Resources */,
			);
			buildRules = (
			);
			dependencies = (
				C78BFDFA2C55C7F70031A28E /* PBXTargetDependency */,
			);
			name = TestConvertedUITests;
			productName = TestConvertedUITests;
			productReference = C78BFDF82C55C7F70031A28E /* TestConvertedUITests.xctest */;
			productType = "com.apple.product-type.bundle.ui-testing";
		};
/* End PBXNativeTarget section */

/* Begin PBXProject section */
		C78BFDD62C55C7F50031A28E /* Project object */ = {
			isa = PBXProject;
			attributes = {
				BuildIndependentTargetsInParallel = 1;
				LastSwiftUpdateCheck = 1540;
				LastUpgradeCheck = 1540;
				TargetAttributes = {
					C78BFDDD2C55C7F50031A28E = {
						CreatedOnToolsVersion = 15.4;
					};
					C78BFDED2C55C7F70031A28E = {
						CreatedOnToolsVersion = 15.4;
						TestTargetID = C78BFDDD2C55C7F50031A28E;
					};
					C78BFDF72C55C7F70031A28E = {
						CreatedOnToolsVersion = 15.4;
						TestTargetID = C78BFDDD2C55C7F50031A28E;
					};
				};
			};
			buildConfigurationList = C78BFDD92C55C7F50031A28E /* Build configuration list for PBXProject "TestConverted" */;
			compatibilityVersion = "Xcode 14.0";
			developmentRegion = en;
			hasScannedForEncodings = 0;
			knownRegions = (
				en,
				Base,
			);
			mainGroup = C78BFDD52C55C7F50031A28E;
			productRefGroup = C78BFDDF2C55C7F50031A28E /* Products */;
			projectDirPath = "";
			projectRoot = "";
			targets = (
				C78BFDDD2C55C7F50031A28E /* TestConverted */,
				C78BFDED2C55C7F70031A28E /* TestConvertedTests */,
				C78BFDF72C55C7F70031A28E /* TestConvertedUITests */,
			);
		};
/* End PBXProject section */

/* Begin PBXResourcesBuildPhase section */
		C78BFDDC2C55C7F50031A28E /* Resources */ = {
			isa = PBXResourcesBuildPhase;
			buildActionMask = 2147483647;
			files = (
				C78BFDE92C55C7F70031A28E /* Preview Assets.xcassets in Resources */,
				C78BFDE62C55C7F70031A28E /* Assets.xcassets in Resources */,
			);
			runOnlyForDeploymentPostprocessing = 0;
		};
		C78BFDEC2C55C7F70031A28E /* Resources */ = {
			isa = PBXResourcesBuildPhase;
			buildActionMask = 2147483647;
			files = (
			);
			runOnlyForDeploymentPostprocessing = 0;
		};
		C78BFDF62C55C7F70031A28E /* Resources */ = {
			isa = PBXResourcesBuildPhase;
			buildActionMask = 2147483647;
			files = (
			);
			runOnlyForDeploymentPostprocessing = 0;
		};
/* End PBXResourcesBuildPhase section */

/* Begin PBXSourcesBuildPhase section */
		C78BFDDA2C55C7F50031A28E /* Sources */ = {
			isa = PBXSourcesBuildPhase;
			buildActionMask = 2147483647;
			files = (
				C78BFE0C2C55C8110031A28E /* Converters.swift in Sources */,
				C78BFDE42C55C7F50031A28E /* ContentView.swift in Sources */,
				C78BFE0E2C55CCDF0031A28E /* ViewModel.swift in Sources */,
				C78BFDE22C55C7F50031A28E /* TestConvertedApp.swift in Sources */,
			);
			runOnlyForDeploymentPostprocessing = 0;
		};
		C78BFDEA2C55C7F70031A28E /* Sources */ = {
			isa = PBXSourcesBuildPhase;
			buildActionMask = 2147483647;
			files = (
				C78BFE102C55D59C0031A28E /* Converters.swift in Sources */,
				C78BFE0F2C55D3170031A28E /* ViewModel.swift in Sources */,
				C78BFDF32C55C7F70031A28E /* TestConvertedTests.swift in Sources */,
			);
			runOnlyForDeploymentPostprocessing = 0;
		};
		C78BFDF42C55C7F70031A28E /* Sources */ = {
			isa = PBXSourcesBuildPhase;
			buildActionMask = 2147483647;
			files = (
				C78BFDFD2C55C7F70031A28E /* TestConvertedUITests.swift in Sources */,
				C78BFDFF2C55C7F70031A28E /* TestConvertedUITestsLaunchTests.swift in Sources */,
			);
			runOnlyForDeploymentPostprocessing = 0;
		};
/* End PBXSourcesBuildPhase section */

/* Begin PBXTargetDependency section */
		C78BFDF02C55C7F70031A28E /* PBXTargetDependency */ = {
			isa = PBXTargetDependency;
			target = C78BFDDD2C55C7F50031A28E /* TestConverted */;
			targetProxy = C78BFDEF2C55C7F70031A28E /* PBXContainerItemProxy */;
		};
		C78BFDFA2C55C7F70031A28E /* PBXTargetDependency */ = {
			isa = PBXTargetDependency;
			target = C78BFDDD2C55C7F50031A28E /* TestConverted */;
			targetProxy = C78BFDF92C55C7F70031A28E /* PBXContainerItemProxy */;
		};
/* End PBXTargetDependency section */

/* Begin XCBuildConfiguration section */
		C78BFE002C55C7F70031A28E /* Debug */ = {
			isa = XCBuildConfiguration;
			buildSettings = {
				ALWAYS_SEARCH_USER_PATHS = NO;
				ASSETCATALOG_COMPILER_GENERATE_SWIFT_ASSET_SYMBOL_EXTENSIONS = YES;
				CLANG_ANALYZER_NONNULL = YES;
				CLANG_ANALYZER_NUMBER_OBJECT_CONVERSION = YES_AGGRESSIVE;
				CLANG_CXX_LANGUAGE_STANDARD = "gnu++20";
				CLANG_ENABLE_MODULES = YES;
				CLANG_ENABLE_OBJC_ARC = YES;
				CLANG_ENABLE_OBJC_WEAK = YES;
				CLANG_WARN_BLOCK_CAPTURE_AUTORELEASING = YES;
				CLANG_WARN_BOOL_CONVERSION = YES;
				CLANG_WARN_COMMA = YES;
				CLANG_WARN_CONSTANT_CONVERSION = YES;
				CLANG_WARN_DEPRECATED_OBJC_IMPLEMENTATIONS = YES;
				CLANG_WARN_DIRECT_OBJC_ISA_USAGE = YES_ERROR;
				CLANG_WARN_DOCUMENTATION_COMMENTS = YES;
				CLANG_WARN_EMPTY_BODY = YES;
				CLANG_WARN_ENUM_CONVERSION = YES;
				CLANG_WARN_INFINITE_RECURSION = YES;
				CLANG_WARN_INT_CONVERSION = YES;
				CLANG_WARN_NON_LITERAL_NULL_CONVERSION = YES;
				CLANG_WARN_OBJC_IMPLICIT_RETAIN_SELF = YES;
				CLANG_WARN_OBJC_LITERAL_CONVERSION = YES;
				CLANG_WARN_OBJC_ROOT_CLASS = YES_ERROR;
				CLANG_WARN_QUOTED_INCLUDE_IN_FRAMEWORK_HEADER = YES;
				CLANG_WARN_RANGE_LOOP_ANALYSIS = YES;
				CLANG_WARN_STRICT_PROTOTYPES = YES;
				CLANG_WARN_SUSPICIOUS_MOVE = YES;
				CLANG_WARN_UNGUARDED_AVAILABILITY = YES_AGGRESSIVE;
				CLANG_WARN_UNREACHABLE_CODE = YES;
				CLANG_WARN__DUPLICATE_METHOD_MATCH = YES;
				COPY_PHASE_STRIP = NO;
				DEBUG_INFORMATION_FORMAT = dwarf;
				ENABLE_STRICT_OBJC_MSGSEND = YES;
				ENABLE_TESTABILITY = YES;
				ENABLE_USER_SCRIPT_SANDBOXING = YES;
				GCC_C_LANGUAGE_STANDARD = gnu17;
				GCC_DYNAMIC_NO_PIC = NO;
				GCC_NO_COMMON_BLOCKS = YES;
				GCC_OPTIMIZATION_LEVEL = 0;
				GCC_PREPROCESSOR_DEFINITIONS = (
					"DEBUG=1",
					"$(inherited)",
				);
				GCC_WARN_64_TO_32_BIT_CONVERSION = YES;
				GCC_WARN_ABOUT_RETURN_TYPE = YES_ERROR;
				GCC_WARN_UNDECLARED_SELECTOR = YES;
				GCC_WARN_UNINITIALIZED_AUTOS = YES_AGGRESSIVE;
				GCC_WARN_UNUSED_FUNCTION = YES;
				GCC_WARN_UNUSED_VARIABLE = YES;
				IPHONEOS_DEPLOYMENT_TARGET = 17.5;
				LOCALIZATION_PREFERS_STRING_CATALOGS = YES;
				MTL_ENABLE_DEBUG_INFO = INCLUDE_SOURCE;
				MTL_FAST_MATH = YES;
				ONLY_ACTIVE_ARCH = YES;
				SDKROOT = iphoneos;
				SWIFT_ACTIVE_COMPILATION_CONDITIONS = "DEBUG $(inherited)";
				SWIFT_OPTIMIZATION_LEVEL = "-Onone";
			};
			name = Debug;
		};
		C78BFE012C55C7F70031A28E /* Release */ = {
			isa = XCBuildConfiguration;
			buildSettings = {
				ALWAYS_SEARCH_USER_PATHS = NO;
				ASSETCATALOG_COMPILER_GENERATE_SWIFT_ASSET_SYMBOL_EXTENSIONS = YES;
				CLANG_ANALYZER_NONNULL = YES;
				CLANG_ANALYZER_NUMBER_OBJECT_CONVERSION = YES_AGGRESSIVE;
				CLANG_CXX_LANGUAGE_STANDARD = "gnu++20";
				CLANG_ENABLE_MODULES = YES;
				CLANG_ENABLE_OBJC_ARC = YES;
				CLANG_ENABLE_OBJC_WEAK = YES;
				CLANG_WARN_BLOCK_CAPTURE_AUTORELEASING = YES;
				CLANG_WARN_BOOL_CONVERSION = YES;
				CLANG_WARN_COMMA = YES;
				CLANG_WARN_CONSTANT_CONVERSION = YES;
				CLANG_WARN_DEPRECATED_OBJC_IMPLEMENTATIONS = YES;
				CLANG_WARN_DIRECT_OBJC_ISA_USAGE = YES_ERROR;
				CLANG_WARN_DOCUMENTATION_COMMENTS = YES;
				CLANG_WARN_EMPTY_BODY = YES;
				CLANG_WARN_ENUM_CONVERSION = YES;
				CLANG_WARN_INFINITE_RECURSION = YES;
				CLANG_WARN_INT_CONVERSION = YES;
				CLANG_WARN_NON_LITERAL_NULL_CONVERSION = YES;
				CLANG_WARN_OBJC_IMPLICIT_RETAIN_SELF = YES;
				CLANG_WARN_OBJC_LITERAL_CONVERSION = YES;
				CLANG_WARN_OBJC_ROOT_CLASS = YES_ERROR;
				CLANG_WARN_QUOTED_INCLUDE_IN_FRAMEWORK_HEADER = YES;
				CLANG_WARN_RANGE_LOOP_ANALYSIS = YES;
				CLANG_WARN_STRICT_PROTOTYPES = YES;
				CLANG_WARN_SUSPICIOUS_MOVE = YES;
				CLANG_WARN_UNGUARDED_AVAILABILITY = YES_AGGRESSIVE;
				CLANG_WARN_UNREACHABLE_CODE = YES;
				CLANG_WARN__DUPLICATE_METHOD_MATCH = YES;
				COPY_PHASE_STRIP = NO;
				DEBUG_INFORMATION_FORMAT = "dwarf-with-dsym";
				ENABLE_NS_ASSERTIONS = NO;
				ENABLE_STRICT_OBJC_MSGSEND = YES;
				ENABLE_USER_SCRIPT_SANDBOXING = YES;
				GCC_C_LANGUAGE_STANDARD = gnu17;
				GCC_NO_COMMON_BLOCKS = YES;
				GCC_WARN_64_TO_32_BIT_CONVERSION = YES;
				GCC_WARN_ABOUT_RETURN_TYPE = YES_ERROR;
				GCC_WARN_UNDECLARED_SELECTOR = YES;
				GCC_WARN_UNINITIALIZED_AUTOS = YES_AGGRESSIVE;
				GCC_WARN_UNUSED_FUNCTION = YES;
				GCC_WARN_UNUSED_VARIABLE = YES;
				IPHONEOS_DEPLOYMENT_TARGET = 17.5;
				LOCALIZATION_PREFERS_STRING_CATALOGS = YES;
				MTL_ENABLE_DEBUG_INFO = NO;
				MTL_FAST_MATH = YES;
				SDKROOT = iphoneos;
				SWIFT_COMPILATION_MODE = wholemodule;
				VALIDATE_PRODUCT = YES;
			};
			name = Release;
		};
		C78BFE032C55C7F70031A28E /* Debug */ = {
			isa = XCBuildConfiguration;
			buildSettings = {
				ASSETCATALOG_COMPILER_APPICON_NAME = AppIcon;
				ASSETCATALOG_COMPILER_GLOBAL_ACCENT_COLOR_NAME = AccentColor;
				CODE_SIGN_STYLE = Automatic;
				CURRENT_PROJECT_VERSION = 1;
				DEVELOPMENT_ASSET_PATHS = "\"TestConverted/Preview Content\"";
				DEVELOPMENT_TEAM = 4H5MS236CS;
				ENABLE_PREVIEWS = YES;
				GENERATE_INFOPLIST_FILE = YES;
				INFOPLIST_KEY_UIApplicationSceneManifest_Generation = YES;
				INFOPLIST_KEY_UIApplicationSupportsIndirectInputEvents = YES;
				INFOPLIST_KEY_UILaunchScreen_Generation = YES;
				INFOPLIST_KEY_UISupportedInterfaceOrientations_iPad = "UIInterfaceOrientationPortrait UIInterfaceOrientationPortraitUpsideDown UIInterfaceOrientationLandscapeLeft UIInterfaceOrientationLandscapeRight";
				INFOPLIST_KEY_UISupportedInterfaceOrientations_iPhone = "UIInterfaceOrientationPortrait UIInterfaceOrientationLandscapeLeft UIInterfaceOrientationLandscapeRight";
				LD_RUNPATH_SEARCH_PATHS = (
					"$(inherited)",
					"@executable_path/Frameworks",
				);
				MARKETING_VERSION = 1.0;
				PRODUCT_BUNDLE_IDENTIFIER = com.gmail.137.6300.bjs.TestConverted;
				PRODUCT_NAME = "$(TARGET_NAME)";
				SWIFT_EMIT_LOC_STRINGS = YES;
				SWIFT_VERSION = 5.0;
				TARGETED_DEVICE_FAMILY = "1,2";
			};
			name = Debug;
		};
		C78BFE042C55C7F70031A28E /* Release */ = {
			isa = XCBuildConfiguration;
			buildSettings = {
				ASSETCATALOG_COMPILER_APPICON_NAME = AppIcon;
				ASSETCATALOG_COMPILER_GLOBAL_ACCENT_COLOR_NAME = AccentColor;
				CODE_SIGN_STYLE = Automatic;
				CURRENT_PROJECT_VERSION = 1;
				DEVELOPMENT_ASSET_PATHS = "\"TestConverted/Preview Content\"";
				DEVELOPMENT_TEAM = 4H5MS236CS;
				ENABLE_PREVIEWS = YES;
				GENERATE_INFOPLIST_FILE = YES;
				INFOPLIST_KEY_UIApplicationSceneManifest_Generation = YES;
				INFOPLIST_KEY_UIApplicationSupportsIndirectInputEvents = YES;
				INFOPLIST_KEY_UILaunchScreen_Generation = YES;
				INFOPLIST_KEY_UISupportedInterfaceOrientations_iPad = "UIInterfaceOrientationPortrait UIInterfaceOrientationPortraitUpsideDown UIInterfaceOrientationLandscapeLeft UIInterfaceOrientationLandscapeRight";
				INFOPLIST_KEY_UISupportedInterfaceOrientations_iPhone = "UIInterfaceOrientationPortrait UIInterfaceOrientationLandscapeLeft UIInterfaceOrientationLandscapeRight";
				LD_RUNPATH_SEARCH_PATHS = (
					"$(inherited)",
					"@executable_path/Frameworks",
				);
				MARKETING_VERSION = 1.0;
				PRODUCT_BUNDLE_IDENTIFIER = com.gmail.137.6300.bjs.TestConverted;
				PRODUCT_NAME = "$(TARGET_NAME)";
				SWIFT_EMIT_LOC_STRINGS = YES;
				SWIFT_VERSION = 5.0;
				TARGETED_DEVICE_FAMILY = "1,2";
			};
			name = Release;
		};
		C78BFE062C55C7F70031A28E /* Debug */ = {
			isa = XCBuildConfiguration;
			buildSettings = {
				ALWAYS_EMBED_SWIFT_STANDARD_LIBRARIES = YES;
				BUNDLE_LOADER = "$(TEST_HOST)";
				CODE_SIGN_STYLE = Automatic;
				CURRENT_PROJECT_VERSION = 1;
				DEVELOPMENT_TEAM = 4H5MS236CS;
				GENERATE_INFOPLIST_FILE = YES;
				IPHONEOS_DEPLOYMENT_TARGET = 17.5;
				MARKETING_VERSION = 1.0;
				PRODUCT_BUNDLE_IDENTIFIER = com.gmail.137.6300.bjs.TestConvertedTests;
				PRODUCT_NAME = "$(TARGET_NAME)";
				SWIFT_EMIT_LOC_STRINGS = NO;
				SWIFT_VERSION = 5.0;
				TARGETED_DEVICE_FAMILY = "1,2";
				TEST_HOST = "$(BUILT_PRODUCTS_DIR)/TestConverted.app/$(BUNDLE_EXECUTABLE_FOLDER_PATH)/TestConverted";
			};
			name = Debug;
		};
		C78BFE072C55C7F70031A28E /* Release */ = {
			isa = XCBuildConfiguration;
			buildSettings = {
				ALWAYS_EMBED_SWIFT_STANDARD_LIBRARIES = YES;
				BUNDLE_LOADER = "$(TEST_HOST)";
				CODE_SIGN_STYLE = Automatic;
				CURRENT_PROJECT_VERSION = 1;
				DEVELOPMENT_TEAM = 4H5MS236CS;
				GENERATE_INFOPLIST_FILE = YES;
				IPHONEOS_DEPLOYMENT_TARGET = 17.5;
				MARKETING_VERSION = 1.0;
				PRODUCT_BUNDLE_IDENTIFIER = com.gmail.137.6300.bjs.TestConvertedTests;
				PRODUCT_NAME = "$(TARGET_NAME)";
				SWIFT_EMIT_LOC_STRINGS = NO;
				SWIFT_VERSION = 5.0;
				TARGETED_DEVICE_FAMILY = "1,2";
				TEST_HOST = "$(BUILT_PRODUCTS_DIR)/TestConverted.app/$(BUNDLE_EXECUTABLE_FOLDER_PATH)/TestConverted";
			};
			name = Release;
		};
		C78BFE092C55C7F70031A28E /* Debug */ = {
			isa = XCBuildConfiguration;
			buildSettings = {
				ALWAYS_EMBED_SWIFT_STANDARD_LIBRARIES = YES;
				CODE_SIGN_STYLE = Automatic;
				CURRENT_PROJECT_VERSION = 1;
				DEVELOPMENT_TEAM = 4H5MS236CS;
				GENERATE_INFOPLIST_FILE = YES;
				MARKETING_VERSION = 1.0;
				PRODUCT_BUNDLE_IDENTIFIER = com.gmail.137.6300.bjs.TestConvertedUITests;
				PRODUCT_NAME = "$(TARGET_NAME)";
				SWIFT_EMIT_LOC_STRINGS = NO;
				SWIFT_VERSION = 5.0;
				TARGETED_DEVICE_FAMILY = "1,2";
				TEST_TARGET_NAME = TestConverted;
			};
			name = Debug;
		};
		C78BFE0A2C55C7F70031A28E /* Release */ = {
			isa = XCBuildConfiguration;
			buildSettings = {
				ALWAYS_EMBED_SWIFT_STANDARD_LIBRARIES = YES;
				CODE_SIGN_STYLE = Automatic;
				CURRENT_PROJECT_VERSION = 1;
				DEVELOPMENT_TEAM = 4H5MS236CS;
				GENERATE_INFOPLIST_FILE = YES;
				MARKETING_VERSION = 1.0;
				PRODUCT_BUNDLE_IDENTIFIER = com.gmail.137.6300.bjs.TestConvertedUITests;
				PRODUCT_NAME = "$(TARGET_NAME)";
				SWIFT_EMIT_LOC_STRINGS = NO;
				SWIFT_VERSION = 5.0;
				TARGETED_DEVICE_FAMILY = "1,2";
				TEST_TARGET_NAME = TestConverted;
			};
			name = Release;
		};
/* End XCBuildConfiguration section */

/* Begin XCConfigurationList section */
		C78BFDD92C55C7F50031A28E /* Build configuration list for PBXProject "TestConverted" */ = {
			isa = XCConfigurationList;
			buildConfigurations = (
				C78BFE002C55C7F70031A28E /* Debug */,
				C78BFE012C55C7F70031A28E /* Release */,
			);
			defaultConfigurationIsVisible = 0;
			defaultConfigurationName = Release;
		};
		C78BFE022C55C7F70031A28E /* Build configuration list for PBXNativeTarget "TestConverted" */ = {
			isa = XCConfigurationList;
			buildConfigurations = (
				C78BFE032C55C7F70031A28E /* Debug */,
				C78BFE042C55C7F70031A28E /* Release */,
			);
			defaultConfigurationIsVisible = 0;
			defaultConfigurationName = Release;
		};
		C78BFE052C55C7F70031A28E /* Build configuration list for PBXNativeTarget "TestConvertedTests" */ = {
			isa = XCConfigurationList;
			buildConfigurations = (
				C78BFE062C55C7F70031A28E /* Debug */,
				C78BFE072C55C7F70031A28E /* Release */,
			);
			defaultConfigurationIsVisible = 0;
			defaultConfigurationName = Release;
		};
		C78BFE082C55C7F70031A28E /* Build configuration list for PBXNativeTarget "TestConvertedUITests" */ = {
			isa = XCConfigurationList;
			buildConfigurations = (
				C78BFE092C55C7F70031A28E /* Debug */,
				C78BFE0A2C55C7F70031A28E /* Release */,
			);
			defaultConfigurationIsVisible = 0;
			defaultConfigurationName = Release;
		};
/* End XCConfigurationList section */
	};
	rootObject = C78BFDD62C55C7F50031A28E /* Project object */;
}
